// !$*UTF8*$!
{
	archiveVersion = 1;
	classes = {
	};
	objectVersion = 48;
	objects = {

/* Begin PBXBuildFile section */
		037927371FA2B24100DBD9DF /* MaxPairwise.cpp in Sources */ = {isa = PBXBuildFile; fileRef = 037927061F9EB59C00DBD9DF /* MaxPairwise.cpp */; };
		03D607451FB2B15D003632C9 /* greatestCommonDiv.cpp in Sources */ = {isa = PBXBuildFile; fileRef = 03D607431FB2B15D003632C9 /* greatestCommonDiv.cpp */; };
/* End PBXBuildFile section */

/* Begin PBXCopyFilesBuildPhase section */
		037927221FA2B0B200DBD9DF /* CopyFiles */ = {
			isa = PBXCopyFilesBuildPhase;
			buildActionMask = 2147483647;
			dstPath = /usr/share/man/man1/;
			dstSubfolderSpec = 0;
			files = (
			);
			runOnlyForDeploymentPostprocessing = 1;
		};
		0379272D1FA2B0BD00DBD9DF /* CopyFiles */ = {
			isa = PBXCopyFilesBuildPhase;
			buildActionMask = 2147483647;
			dstPath = /usr/share/man/man1/;
			dstSubfolderSpec = 0;
			files = (
			);
			runOnlyForDeploymentPostprocessing = 1;
		};
/* End PBXCopyFilesBuildPhase section */

/* Begin PBXFileReference section */
		032CBF841FAD152000A108B5 /* fibonacci.cpp */ = {isa = PBXFileReference; lastKnownFileType = sourcecode.cpp.cpp; path = fibonacci.cpp; sourceTree = "<group>"; };
		037927061F9EB59C00DBD9DF /* MaxPairwise.cpp */ = {isa = PBXFileReference; lastKnownFileType = sourcecode.cpp.cpp; path = MaxPairwise.cpp; sourceTree = "<group>"; };
		037927241FA2B0B200DBD9DF /* Week1 */ = {isa = PBXFileReference; explicitFileType = "compiled.mach-o.executable"; includeInIndex = 0; path = Week1; sourceTree = BUILT_PRODUCTS_DIR; };
		0379272F1FA2B0BD00DBD9DF /* Week2 */ = {isa = PBXFileReference; explicitFileType = "compiled.mach-o.executable"; includeInIndex = 0; path = Week2; sourceTree = BUILT_PRODUCTS_DIR; };
		03D607431FB2B15D003632C9 /* greatestCommonDiv.cpp */ = {isa = PBXFileReference; lastKnownFileType = sourcecode.cpp.cpp; path = greatestCommonDiv.cpp; sourceTree = "<group>"; };
/* End PBXFileReference section */

/* Begin PBXFrameworksBuildPhase section */
		037927211FA2B0B200DBD9DF /* Frameworks */ = {
			isa = PBXFrameworksBuildPhase;
			buildActionMask = 2147483647;
			files = (
			);
			runOnlyForDeploymentPostprocessing = 0;
		};
		0379272C1FA2B0BD00DBD9DF /* Frameworks */ = {
			isa = PBXFrameworksBuildPhase;
			buildActionMask = 2147483647;
			files = (
			);
			runOnlyForDeploymentPostprocessing = 0;
		};
/* End PBXFrameworksBuildPhase section */

/* Begin PBXGroup section */
		037926EE1F98479D00DBD9DF = {
			isa = PBXGroup;
			children = (
				0379270C1FA2AC9F00DBD9DF /* Week 2 */,
				037926F91F98479D00DBD9DF /* Week1 */,
				037926F81F98479D00DBD9DF /* Products */,
			);
			sourceTree = "<group>";
		};
		037926F81F98479D00DBD9DF /* Products */ = {
			isa = PBXGroup;
			children = (
				037927241FA2B0B200DBD9DF /* Week1 */,
				0379272F1FA2B0BD00DBD9DF /* Week2 */,
			);
			name = Products;
			sourceTree = "<group>";
		};
		037926F91F98479D00DBD9DF /* Week1 */ = {
			isa = PBXGroup;
			children = (
				037927051F9EB58F00DBD9DF /* MaxPairWise */,
			);
			path = Week1;
			sourceTree = "<group>";
		};
		037927051F9EB58F00DBD9DF /* MaxPairWise */ = {
			isa = PBXGroup;
			children = (
				037927061F9EB59C00DBD9DF /* MaxPairwise.cpp */,
			);
			path = MaxPairWise;
			sourceTree = "<group>";
		};
		0379270C1FA2AC9F00DBD9DF /* Week 2 */ = {
			isa = PBXGroup;
			children = (
				032CBF841FAD152000A108B5 /* fibonacci.cpp */,
				03D607431FB2B15D003632C9 /* greatestCommonDiv.cpp */,
			);
			path = "Week 2";
			sourceTree = "<group>";
		};
/* End PBXGroup section */

/* Begin PBXNativeTarget section */
		037927231FA2B0B200DBD9DF /* Week1 */ = {
			isa = PBXNativeTarget;
			buildConfigurationList = 037927281FA2B0B200DBD9DF /* Build configuration list for PBXNativeTarget "Week1" */;
			buildPhases = (
				037927201FA2B0B200DBD9DF /* Sources */,
				037927211FA2B0B200DBD9DF /* Frameworks */,
				037927221FA2B0B200DBD9DF /* CopyFiles */,
			);
			buildRules = (
			);
			dependencies = (
			);
			name = Week1;
			productName = Week1;
			productReference = 037927241FA2B0B200DBD9DF /* Week1 */;
			productType = "com.apple.product-type.tool";
		};
		0379272E1FA2B0BD00DBD9DF /* Week2 */ = {
			isa = PBXNativeTarget;
			buildConfigurationList = 037927331FA2B0BD00DBD9DF /* Build configuration list for PBXNativeTarget "Week2" */;
			buildPhases = (
				0379272B1FA2B0BD00DBD9DF /* Sources */,
				0379272C1FA2B0BD00DBD9DF /* Frameworks */,
				0379272D1FA2B0BD00DBD9DF /* CopyFiles */,
			);
			buildRules = (
			);
			dependencies = (
			);
			name = Week2;
			productName = Week2;
			productReference = 0379272F1FA2B0BD00DBD9DF /* Week2 */;
			productType = "com.apple.product-type.tool";
		};
/* End PBXNativeTarget section */

/* Begin PBXProject section */
		037926EF1F98479D00DBD9DF /* Project object */ = {
			isa = PBXProject;
			attributes = {
				LastUpgradeCheck = 0900;
				ORGANIZATIONNAME = Josh;
				TargetAttributes = {
					037927231FA2B0B200DBD9DF = {
						CreatedOnToolsVersion = 9.0.1;
						ProvisioningStyle = Automatic;
					};
					0379272E1FA2B0BD00DBD9DF = {
						CreatedOnToolsVersion = 9.0.1;
						ProvisioningStyle = Automatic;
					};
				};
			};
			buildConfigurationList = 037926F21F98479D00DBD9DF /* Build configuration list for PBXProject "Course1" */;
			compatibilityVersion = "Xcode 8.0";
			developmentRegion = en;
			hasScannedForEncodings = 0;
			knownRegions = (
				en,
			);
			mainGroup = 037926EE1F98479D00DBD9DF;
			productRefGroup = 037926F81F98479D00DBD9DF /* Products */;
			projectDirPath = "";
			projectRoot = "";
			targets = (
				037927231FA2B0B200DBD9DF /* Week1 */,
				0379272E1FA2B0BD00DBD9DF /* Week2 */,
			);
		};
/* End PBXProject section */

/* Begin PBXSourcesBuildPhase section */
		037927201FA2B0B200DBD9DF /* Sources */ = {
			isa = PBXSourcesBuildPhase;
			buildActionMask = 2147483647;
			files = (
				037927371FA2B24100DBD9DF /* MaxPairwise.cpp in Sources */,
			);
			runOnlyForDeploymentPostprocessing = 0;
		};
		0379272B1FA2B0BD00DBD9DF /* Sources */ = {
			isa = PBXSourcesBuildPhase;
			buildActionMask = 2147483647;
			files = (
				03D607451FB2B15D003632C9 /* greatestCommonDiv.cpp in Sources */,
			);
			runOnlyForDeploymentPostprocessing = 0;
		};
/* End PBXSourcesBuildPhase section */

/* Begin XCBuildConfiguration section */
		037926FC1F98479D00DBD9DF /* Debug */ = {
			isa = XCBuildConfiguration;
			buildSettings = {
				ALWAYS_SEARCH_USER_PATHS = NO;
				CLANG_ANALYZER_NONNULL = YES;
				CLANG_ANALYZER_NUMBER_OBJECT_CONVERSION = YES_AGGRESSIVE;
				CLANG_CXX_LANGUAGE_STANDARD = "gnu++14";
				CLANG_CXX_LIBRARY = "libc++";
				CLANG_ENABLE_MODULES = YES;
				CLANG_ENABLE_OBJC_ARC = YES;
				CLANG_WARN_BLOCK_CAPTURE_AUTORELEASING = YES;
				CLANG_WARN_BOOL_CONVERSION = YES;
				CLANG_WARN_COMMA = YES;
				CLANG_WARN_CONSTANT_CONVERSION = YES;
				CLANG_WARN_DIRECT_OBJC_ISA_USAGE = YES_ERROR;
				CLANG_WARN_DOCUMENTATION_COMMENTS = YES;
				CLANG_WARN_EMPTY_BODY = YES;
				CLANG_WARN_ENUM_CONVERSION = YES;
				CLANG_WARN_INFINITE_RECURSION = YES;
				CLANG_WARN_INT_CONVERSION = YES;
				CLANG_WARN_NON_LITERAL_NULL_CONVERSION = YES;
				CLANG_WARN_OBJC_LITERAL_CONVERSION = YES;
				CLANG_WARN_OBJC_ROOT_CLASS = YES_ERROR;
				CLANG_WARN_RANGE_LOOP_ANALYSIS = YES;
				CLANG_WARN_STRICT_PROTOTYPES = YES;
				CLANG_WARN_SUSPICIOUS_MOVE = YES;
				CLANG_WARN_UNGUARDED_AVAILABILITY = YES_AGGRESSIVE;
				CLANG_WARN_UNREACHABLE_CODE = YES;
				CLANG_WARN__DUPLICATE_METHOD_MATCH = YES;
				CODE_SIGN_IDENTITY = "-";
				COPY_PHASE_STRIP = NO;
				DEBUG_INFORMATION_FORMAT = dwarf;
				ENABLE_STRICT_OBJC_MSGSEND = YES;
				ENABLE_TESTABILITY = YES;
				GCC_C_LANGUAGE_STANDARD = gnu11;
				GCC_DYNAMIC_NO_PIC = NO;
				GCC_NO_COMMON_BLOCKS = YES;
				GCC_OPTIMIZATION_LEVEL = 0;
				GCC_PREPROCESSOR_DEFINITIONS = (
					"DEBUG=1",
					"$(inherited)",
				);
				GCC_WARN_64_TO_32_BIT_CONVERSION = YES;
				GCC_WARN_ABOUT_RETURN_TYPE = YES_ERROR;
				GCC_WARN_UNDECLARED_SELECTOR = YES;
				GCC_WARN_UNINITIALIZED_AUTOS = YES_AGGRESSIVE;
				GCC_WARN_UNUSED_FUNCTION = YES;
				GCC_WARN_UNUSED_VARIABLE = YES;
				MACOSX_DEPLOYMENT_TARGET = 10.12;
				MTL_ENABLE_DEBUG_INFO = YES;
				ONLY_ACTIVE_ARCH = YES;
				SDKROOT = macosx;
			};
			name = Debug;
		};
		037926FD1F98479D00DBD9DF /* Release */ = {
			isa = XCBuildConfiguration;
			buildSettings = {
				ALWAYS_SEARCH_USER_PATHS = NO;
				CLANG_ANALYZER_NONNULL = YES;
				CLANG_ANALYZER_NUMBER_OBJECT_CONVERSION = YES_AGGRESSIVE;
				CLANG_CXX_LANGUAGE_STANDARD = "gnu++14";
				CLANG_CXX_LIBRARY = "libc++";
				CLANG_ENABLE_MODULES = YES;
				CLANG_ENABLE_OBJC_ARC = YES;
				CLANG_WARN_BLOCK_CAPTURE_AUTORELEASING = YES;
				CLANG_WARN_BOOL_CONVERSION = YES;
				CLANG_WARN_COMMA = YES;
				CLANG_WARN_CONSTANT_CONVERSION = YES;
				CLANG_WARN_DIRECT_OBJC_ISA_USAGE = YES_ERROR;
				CLANG_WARN_DOCUMENTATION_COMMENTS = YES;
				CLANG_WARN_EMPTY_BODY = YES;
				CLANG_WARN_ENUM_CONVERSION = YES;
				CLANG_WARN_INFINITE_RECURSION = YES;
				CLANG_WARN_INT_CONVERSION = YES;
				CLANG_WARN_NON_LITERAL_NULL_CONVERSION = YES;
				CLANG_WARN_OBJC_LITERAL_CONVERSION = YES;
				CLANG_WARN_OBJC_ROOT_CLASS = YES_ERROR;
				CLANG_WARN_RANGE_LOOP_ANALYSIS = YES;
				CLANG_WARN_STRICT_PROTOTYPES = YES;
				CLANG_WARN_SUSPICIOUS_MOVE = YES;
				CLANG_WARN_UNGUARDED_AVAILABILITY = YES_AGGRESSIVE;
				CLANG_WARN_UNREACHABLE_CODE = YES;
				CLANG_WARN__DUPLICATE_METHOD_MATCH = YES;
				CODE_SIGN_IDENTITY = "-";
				COPY_PHASE_STRIP = NO;
				DEBUG_INFORMATION_FORMAT = "dwarf-with-dsym";
				ENABLE_NS_ASSERTIONS = NO;
				ENABLE_STRICT_OBJC_MSGSEND = YES;
				GCC_C_LANGUAGE_STANDARD = gnu11;
				GCC_NO_COMMON_BLOCKS = YES;
				GCC_WARN_64_TO_32_BIT_CONVERSION = YES;
				GCC_WARN_ABOUT_RETURN_TYPE = YES_ERROR;
				GCC_WARN_UNDECLARED_SELECTOR = YES;
				GCC_WARN_UNINITIALIZED_AUTOS = YES_AGGRESSIVE;
				GCC_WARN_UNUSED_FUNCTION = YES;
				GCC_WARN_UNUSED_VARIABLE = YES;
				MACOSX_DEPLOYMENT_TARGET = 10.12;
				MTL_ENABLE_DEBUG_INFO = NO;
				SDKROOT = macosx;
			};
			name = Release;
		};
		037927291FA2B0B200DBD9DF /* Debug */ = {
			isa = XCBuildConfiguration;
			buildSettings = {
				CODE_SIGN_STYLE = Automatic;
				PRODUCT_NAME = "$(TARGET_NAME)";
			};
			name = Debug;
		};
		0379272A1FA2B0B200DBD9DF /* Release */ = {
			isa = XCBuildConfiguration;
			buildSettings = {
				CODE_SIGN_STYLE = Automatic;
				PRODUCT_NAME = "$(TARGET_NAME)";
			};
			name = Release;
		};
		037927341FA2B0BD00DBD9DF /* Debug */ = {
			isa = XCBuildConfiguration;
			buildSettings = {
				CODE_SIGN_STYLE = Automatic;
				PRODUCT_NAME = "$(TARGET_NAME)";
			};
			name = Debug;
		};
		037927351FA2B0BD00DBD9DF /* Release */ = {
			isa = XCBuildConfiguration;
			buildSettings = {
				CODE_SIGN_STYLE = Automatic;
				PRODUCT_NAME = "$(TARGET_NAME)";
			};
			name = Release;
		};
/* End XCBuildConfiguration section */

/* Begin XCConfigurationList section */
		037926F21F98479D00DBD9DF /* Build configuration list for PBXProject "Course1" */ = {
			isa = XCConfigurationList;
			buildConfigurations = (
				037926FC1F98479D00DBD9DF /* Debug */,
				037926FD1F98479D00DBD9DF /* Release */,
			);
			defaultConfigurationIsVisible = 0;
			defaultConfigurationName = Release;
		};
		037927281FA2B0B200DBD9DF /* Build configuration list for PBXNativeTarget "Week1" */ = {
			isa = XCConfigurationList;
			buildConfigurations = (
				037927291FA2B0B200DBD9DF /* Debug */,
				0379272A1FA2B0B200DBD9DF /* Release */,
			);
			defaultConfigurationIsVisible = 0;
			defaultConfigurationName = Release;
		};
		037927331FA2B0BD00DBD9DF /* Build configuration list for PBXNativeTarget "Week2" */ = {
			isa = XCConfigurationList;
			buildConfigurations = (
				037927341FA2B0BD00DBD9DF /* Debug */,
				037927351FA2B0BD00DBD9DF /* Release */,
			);
			defaultConfigurationIsVisible = 0;
			defaultConfigurationName = Release;
		};
/* End XCConfigurationList section */
	};
	rootObject = 037926EF1F98479D00DBD9DF /* Project object */;
}
